{
  "requires": true,
  "lockfileVersion": 1,
  "dependencies": {
    "three": {
      "version": "0.128.0",
      "resolved": "https://registry.npmjs.org/three/-/three-0.128.0.tgz",
      "integrity": "sha512-i0ap/E+OaSfzw7bD1TtYnPo3VEplkl70WX5fZqZnfZsE3k3aSFudqrrC9ldFZfYFkn1zwDmBcdGfiIm/hnbyZA=="
    },
    "twgl.js": {
      "version": "4.19.1",
      "resolved": "https://registry.npmjs.org/twgl.js/-/twgl.js-4.19.1.tgz",
      "integrity": "sha512-zI28+xIQskBXpnoX9rsJ2n6zrx0AN3yFZASyp4u1IBscndUKlzRBwNtnD17BoO+RzQieuJksPzJKy8H6lRa97A=="
    }
  }
}
